
Microsoft Visual Studio Solution File, Format Version 12.00
# Visual Studio 2013
VisualStudioVersion = 12.0.21005.1
MinimumVisualStudioVersion = 10.0.40219.1
Project("{FAE04EC0-301F-11D3-BF4B-00C04F79EFBC}") = "SolPlanilla.WCF", "SolPlanilla.WCF\SolPlanilla.WCF.csproj", "{15B3E0D2-6217-493A-A690-158C497F5318}"
	ProjectSection(ProjectDependencies) = postProject
		{5B240010-FE75-4A24-A629-5A7A598B1519} = {5B240010-FE75-4A24-A629-5A7A598B1519}
		{228B517D-C05C-465D-A848-EF4F07EFAEB0} = {228B517D-C05C-465D-A848-EF4F07EFAEB0}
		{AF1F17E9-EFDE-4AE4-9D9F-57937C061D95} = {AF1F17E9-EFDE-4AE4-9D9F-57937C061D95}
	EndProjectSection
EndProject
Project("{FAE04EC0-301F-11D3-BF4B-00C04F79EFBC}") = "SolPlanilla.BL", "SolPlanilla.BL\SolPlanilla.BL.csproj", "{AF1F17E9-EFDE-4AE4-9D9F-57937C061D95}"
	ProjectSection(ProjectDependencies) = postProject
		{5B240010-FE75-4A24-A629-5A7A598B1519} = {5B240010-FE75-4A24-A629-5A7A598B1519}
		{228B517D-C05C-465D-A848-EF4F07EFAEB0} = {228B517D-C05C-465D-A848-EF4F07EFAEB0}
	EndProjectSection
EndProject
Project("{FAE04EC0-301F-11D3-BF4B-00C04F79EFBC}") = "SolPlanilla.DA", "SolPlanilla.DA\SolPlanilla.DA.csproj", "{228B517D-C05C-465D-A848-EF4F07EFAEB0}"
	ProjectSection(ProjectDependencies) = postProject
		{5B240010-FE75-4A24-A629-5A7A598B1519} = {5B240010-FE75-4A24-A629-5A7A598B1519}
	EndProjectSection
EndProject
Project("{FAE04EC0-301F-11D3-BF4B-00C04F79EFBC}") = "SolPlanilla.BE", "SolPlanilla.BE\SolPlanilla.BE.csproj", "{5B240010-FE75-4A24-A629-5A7A598B1519}"
EndProject
Project("{FAE04EC0-301F-11D3-BF4B-00C04F79EFBC}") = "SolPlanilla.ConsolaWcf", "SolPlanilla.ConsolaWcf\SolPlanilla.ConsolaWcf.csproj", "{BAF72383-9579-4D9D-A039-1160208DFD27}"
	ProjectSection(ProjectDependencies) = postProject
		{5B240010-FE75-4A24-A629-5A7A598B1519} = {5B240010-FE75-4A24-A629-5A7A598B1519}
		{228B517D-C05C-465D-A848-EF4F07EFAEB0} = {228B517D-C05C-465D-A848-EF4F07EFAEB0}
		{15B3E0D2-6217-493A-A690-158C497F5318} = {15B3E0D2-6217-493A-A690-158C497F5318}
		{AF1F17E9-EFDE-4AE4-9D9F-57937C061D95} = {AF1F17E9-EFDE-4AE4-9D9F-57937C061D95}
	EndProjectSection
EndProject
Project("{FAE04EC0-301F-11D3-BF4B-00C04F79EFBC}") = "SolPlanilla.Interface", "SolPlanilla.Interface\SolPlanilla.Interface.csproj", "{68668894-9664-4380-8D45-8C8BE8AD23A8}"
	ProjectSection(ProjectDependencies) = postProject
		{5B240010-FE75-4A24-A629-5A7A598B1519} = {5B240010-FE75-4A24-A629-5A7A598B1519}
		{228B517D-C05C-465D-A848-EF4F07EFAEB0} = {228B517D-C05C-465D-A848-EF4F07EFAEB0}
		{15B3E0D2-6217-493A-A690-158C497F5318} = {15B3E0D2-6217-493A-A690-158C497F5318}
		{AF1F17E9-EFDE-4AE4-9D9F-57937C061D95} = {AF1F17E9-EFDE-4AE4-9D9F-57937C061D95}
	EndProjectSection
EndProject
Project("{FAE04EC0-301F-11D3-BF4B-00C04F79EFBC}") = "SolPlanilla.Test", "SolPlanilla.Test\SolPlanilla.Test.csproj", "{2D972966-0C07-4492-9D8F-0FA13B13053B}"
	ProjectSection(ProjectDependencies) = postProject
		{5B240010-FE75-4A24-A629-5A7A598B1519} = {5B240010-FE75-4A24-A629-5A7A598B1519}
		{228B517D-C05C-465D-A848-EF4F07EFAEB0} = {228B517D-C05C-465D-A848-EF4F07EFAEB0}
		{AF1F17E9-EFDE-4AE4-9D9F-57937C061D95} = {AF1F17E9-EFDE-4AE4-9D9F-57937C061D95}
	EndProjectSection
EndProject
Global
	GlobalSection(SolutionConfigurationPlatforms) = preSolution
		Debug|Any CPU = Debug|Any CPU
		Release|Any CPU = Release|Any CPU
	EndGlobalSection
	GlobalSection(ProjectConfigurationPlatforms) = postSolution
		{15B3E0D2-6217-493A-A690-158C497F5318}.Debug|Any CPU.ActiveCfg = Debug|Any CPU
		{15B3E0D2-6217-493A-A690-158C497F5318}.Debug|Any CPU.Build.0 = Debug|Any CPU
		{15B3E0D2-6217-493A-A690-158C497F5318}.Release|Any CPU.ActiveCfg = Release|Any CPU
		{15B3E0D2-6217-493A-A690-158C497F5318}.Release|Any CPU.Build.0 = Release|Any CPU
		{AF1F17E9-EFDE-4AE4-9D9F-57937C061D95}.Debug|Any CPU.ActiveCfg = Debug|Any CPU
		{AF1F17E9-EFDE-4AE4-9D9F-57937C061D95}.Debug|Any CPU.Build.0 = Debug|Any CPU
		{AF1F17E9-EFDE-4AE4-9D9F-57937C061D95}.Release|Any CPU.ActiveCfg = Release|Any CPU
		{AF1F17E9-EFDE-4AE4-9D9F-57937C061D95}.Release|Any CPU.Build.0 = Release|Any CPU
		{228B517D-C05C-465D-A848-EF4F07EFAEB0}.Debug|Any CPU.ActiveCfg = Debug|Any CPU
		{228B517D-C05C-465D-A848-EF4F07EFAEB0}.Debug|Any CPU.Build.0 = Debug|Any CPU
		{228B517D-C05C-465D-A848-EF4F07EFAEB0}.Release|Any CPU.ActiveCfg = Release|Any CPU
		{228B517D-C05C-465D-A848-EF4F07EFAEB0}.Release|Any CPU.Build.0 = Release|Any CPU
		{5B240010-FE75-4A24-A629-5A7A598B1519}.Debug|Any CPU.ActiveCfg = Debug|Any CPU
		{5B240010-FE75-4A24-A629-5A7A598B1519}.Debug|Any CPU.Build.0 = Debug|Any CPU
		{5B240010-FE75-4A24-A629-5A7A598B1519}.Release|Any CPU.ActiveCfg = Release|Any CPU
		{5B240010-FE75-4A24-A629-5A7A598B1519}.Release|Any CPU.Build.0 = Release|Any CPU
		{BAF72383-9579-4D9D-A039-1160208DFD27}.Debug|Any CPU.ActiveCfg = Debug|Any CPU
		{BAF72383-9579-4D9D-A039-1160208DFD27}.Debug|Any CPU.Build.0 = Debug|Any CPU
		{BAF72383-9579-4D9D-A039-1160208DFD27}.Release|Any CPU.ActiveCfg = Release|Any CPU
		{BAF72383-9579-4D9D-A039-1160208DFD27}.Release|Any CPU.Build.0 = Release|Any CPU
		{68668894-9664-4380-8D45-8C8BE8AD23A8}.Debug|Any CPU.ActiveCfg = Debug|Any CPU
		{68668894-9664-4380-8D45-8C8BE8AD23A8}.Debug|Any CPU.Build.0 = Debug|Any CPU
		{68668894-9664-4380-8D45-8C8BE8AD23A8}.Release|Any CPU.ActiveCfg = Release|Any CPU
		{68668894-9664-4380-8D45-8C8BE8AD23A8}.Release|Any CPU.Build.0 = Release|Any CPU
		{2D972966-0C07-4492-9D8F-0FA13B13053B}.Debug|Any CPU.ActiveCfg = Debug|Any CPU
		{2D972966-0C07-4492-9D8F-0FA13B13053B}.Debug|Any CPU.Build.0 = Debug|Any CPU
		{2D972966-0C07-4492-9D8F-0FA13B13053B}.Release|Any CPU.ActiveCfg = Release|Any CPU
		{2D972966-0C07-4492-9D8F-0FA13B13053B}.Release|Any CPU.Build.0 = Release|Any CPU
	EndGlobalSection
	GlobalSection(SolutionProperties) = preSolution
		HideSolutionNode = FALSE
	EndGlobalSection
EndGlobal
